
Microsoft Visual Studio Solution File, Format Version 12.00
# Visual Studio Version 16
VisualStudioVersion = 16.0.29609.76
MinimumVisualStudioVersion = 10.0.40219.1
Project("{FAE04EC0-301F-11D3-BF4B-00C04F79EFBC}") = "Unforth", "Unforth\Unforth.csproj", "{087321CC-F883-408F-9496-FD0D58F61A89}"
EndProject
Global
	GlobalSection(SolutionConfigurationPlatforms) = preSolution
		Debug|Any CPU = Debug|Any CPU
		Release|Any CPU = Release|Any CPU
	EndGlobalSection
	GlobalSection(ProjectConfigurationPlatforms) = postSolution
		{087321CC-F883-408F-9496-FD0D58F61A89}.Debug|Any CPU.ActiveCfg = Debug|Any CPU
		{087321CC-F883-408F-9496-FD0D58F61A89}.Debug|Any CPU.Build.0 = Debug|Any CPU
		{087321CC-F883-408F-9496-FD0D58F61A89}.Release|Any CPU.ActiveCfg = Release|Any CPU
		{087321CC-F883-408F-9496-FD0D58F61A89}.Release|Any CPU.Build.0 = Release|Any CPU
	EndGlobalSection
	GlobalSection(SolutionProperties) = preSolution
		HideSolutionNode = FALSE
	EndGlobalSection
	GlobalSection(ExtensibilityGlobals) = postSolution
		SolutionGuid = {36B72CC3-10F4-4870-8379-FE17CF3345B2}
	EndGlobalSection
EndGlobal
