
Microsoft Visual Studio Solution File, Format Version 12.00
# Visual Studio Version 16
VisualStudioVersion = 16.0.29609.76
MinimumVisualStudioVersion = 10.0.40219.1
Project("{9A19103F-16F7-4668-BE54-9A1E7A4F7556}") = "Octodrome", "Octodrome\Octodrome.csproj", "{8B7162AE-BCE6-416F-A6D2-B370E3E85DAC}"
EndProject
Project("{9A19103F-16F7-4668-BE54-9A1E7A4F7556}") = "Octodrome.Lib", "Octodrome.Lib\Octodrome.Lib.csproj", "{1CFDE276-E253-40E3-B4F6-5D1721D59EC1}"
EndProject
Project("{9A19103F-16F7-4668-BE54-9A1E7A4F7556}") = "Octodrome.Lib.Tests", "Octodrome.Lib.Tests\Octodrome.Lib.Tests.csproj", "{73175DA5-2EA7-4F6A-A8A9-11894F7144D0}"
EndProject
Project("{9A19103F-16F7-4668-BE54-9A1E7A4F7556}") = "Octodrome.UI.Blazor", "Octodrome.UI.Blazor\Octodrome.UI.Blazor.csproj", "{938D1E1C-9011-4B4D-B8BB-180A0ED4E870}"
EndProject
Global
	GlobalSection(SolutionConfigurationPlatforms) = preSolution
		Debug|Any CPU = Debug|Any CPU
		Release|Any CPU = Release|Any CPU
	EndGlobalSection
	GlobalSection(ProjectConfigurationPlatforms) = postSolution
		{8B7162AE-BCE6-416F-A6D2-B370E3E85DAC}.Debug|Any CPU.ActiveCfg = Debug|Any CPU
		{8B7162AE-BCE6-416F-A6D2-B370E3E85DAC}.Debug|Any CPU.Build.0 = Debug|Any CPU
		{8B7162AE-BCE6-416F-A6D2-B370E3E85DAC}.Release|Any CPU.ActiveCfg = Release|Any CPU
		{8B7162AE-BCE6-416F-A6D2-B370E3E85DAC}.Release|Any CPU.Build.0 = Release|Any CPU
		{1CFDE276-E253-40E3-B4F6-5D1721D59EC1}.Debug|Any CPU.ActiveCfg = Debug|Any CPU
		{1CFDE276-E253-40E3-B4F6-5D1721D59EC1}.Debug|Any CPU.Build.0 = Debug|Any CPU
		{1CFDE276-E253-40E3-B4F6-5D1721D59EC1}.Release|Any CPU.ActiveCfg = Release|Any CPU
		{1CFDE276-E253-40E3-B4F6-5D1721D59EC1}.Release|Any CPU.Build.0 = Release|Any CPU
		{73175DA5-2EA7-4F6A-A8A9-11894F7144D0}.Debug|Any CPU.ActiveCfg = Debug|Any CPU
		{73175DA5-2EA7-4F6A-A8A9-11894F7144D0}.Debug|Any CPU.Build.0 = Debug|Any CPU
		{73175DA5-2EA7-4F6A-A8A9-11894F7144D0}.Release|Any CPU.ActiveCfg = Release|Any CPU
		{73175DA5-2EA7-4F6A-A8A9-11894F7144D0}.Release|Any CPU.Build.0 = Release|Any CPU
		{938D1E1C-9011-4B4D-B8BB-180A0ED4E870}.Debug|Any CPU.ActiveCfg = Debug|Any CPU
		{938D1E1C-9011-4B4D-B8BB-180A0ED4E870}.Debug|Any CPU.Build.0 = Debug|Any CPU
		{938D1E1C-9011-4B4D-B8BB-180A0ED4E870}.Release|Any CPU.ActiveCfg = Release|Any CPU
		{938D1E1C-9011-4B4D-B8BB-180A0ED4E870}.Release|Any CPU.Build.0 = Release|Any CPU
	EndGlobalSection
	GlobalSection(SolutionProperties) = preSolution
		HideSolutionNode = FALSE
	EndGlobalSection
	GlobalSection(ExtensibilityGlobals) = postSolution
		SolutionGuid = {20A095D6-AC69-4191-97F2-E5A205D943AF}
	EndGlobalSection
EndGlobal
