
Microsoft Visual Studio Solution File, Format Version 12.00
# Visual Studio Version 16
VisualStudioVersion = 16.0.29609.76
MinimumVisualStudioVersion = 10.0.40219.1
Project("{FAE04EC0-301F-11D3-BF4B-00C04F79EFBC}") = "MathsPractice", "MathsPractice\MathsPractice.csproj", "{17C0110A-C7E4-4A50-8585-32588C266607}"
EndProject
Global
	GlobalSection(SolutionConfigurationPlatforms) = preSolution
		Debug|Any CPU = Debug|Any CPU
		Release|Any CPU = Release|Any CPU
	EndGlobalSection
	GlobalSection(ProjectConfigurationPlatforms) = postSolution
		{17C0110A-C7E4-4A50-8585-32588C266607}.Debug|Any CPU.ActiveCfg = Debug|Any CPU
		{17C0110A-C7E4-4A50-8585-32588C266607}.Debug|Any CPU.Build.0 = Debug|Any CPU
		{17C0110A-C7E4-4A50-8585-32588C266607}.Release|Any CPU.ActiveCfg = Release|Any CPU
		{17C0110A-C7E4-4A50-8585-32588C266607}.Release|Any CPU.Build.0 = Release|Any CPU
	EndGlobalSection
	GlobalSection(SolutionProperties) = preSolution
		HideSolutionNode = FALSE
	EndGlobalSection
	GlobalSection(ExtensibilityGlobals) = postSolution
		SolutionGuid = {0D31EDE8-C3DA-4448-B859-B05A6CCC569F}
	EndGlobalSection
EndGlobal
