
Microsoft Visual Studio Solution File, Format Version 12.00
# Visual Studio Version 16
VisualStudioVersion = 16.0.29613.14
MinimumVisualStudioVersion = 10.0.40219.1
Project("{FAE04EC0-301F-11D3-BF4B-00C04F79EFBC}") = "FactorioTopSort", "FactorioTopSort.csproj", "{6E6973BE-2B62-4D51-997D-D52FAC16ACA7}"
EndProject
Global
	GlobalSection(SolutionConfigurationPlatforms) = preSolution
		Debug|Any CPU = Debug|Any CPU
		Release|Any CPU = Release|Any CPU
	EndGlobalSection
	GlobalSection(ProjectConfigurationPlatforms) = postSolution
		{6E6973BE-2B62-4D51-997D-D52FAC16ACA7}.Debug|Any CPU.ActiveCfg = Debug|Any CPU
		{6E6973BE-2B62-4D51-997D-D52FAC16ACA7}.Debug|Any CPU.Build.0 = Debug|Any CPU
		{6E6973BE-2B62-4D51-997D-D52FAC16ACA7}.Release|Any CPU.ActiveCfg = Release|Any CPU
		{6E6973BE-2B62-4D51-997D-D52FAC16ACA7}.Release|Any CPU.Build.0 = Release|Any CPU
	EndGlobalSection
	GlobalSection(SolutionProperties) = preSolution
		HideSolutionNode = FALSE
	EndGlobalSection
	GlobalSection(ExtensibilityGlobals) = postSolution
		SolutionGuid = {0D2047B6-DFF1-4ED8-9FC8-B8317A216292}
	EndGlobalSection
EndGlobal
